
Microsoft Visual Studio Solution File, Format Version 12.00
# Visual Studio Version 16
VisualStudioVersion = 16.0.28803.202
MinimumVisualStudioVersion = 10.0.40219.1
Project("{9A19103F-16F7-4668-BE54-9A1E7A4F7556}") = "PanGu", "PanGu\PanGu.csproj", "{0FFB9822-435D-43C7-86E8-612CAA7858AF}"
EndProject
Project("{9A19103F-16F7-4668-BE54-9A1E7A4F7556}") = "PanGu.HighLight", "PanGu.HighLight\PanGu.HighLight.csproj", "{95CBEE06-B831-425B-A9F2-1C7823E1EC63}"
EndProject
Project("{9A19103F-16F7-4668-BE54-9A1E7A4F7556}") = "PanGu.Lucene.Analyzer", "PanGu.Lucene.Analyzer\PanGu.Lucene.Analyzer.csproj", "{59C7BFF7-6BEF-41E0-92D5-E2A0B24F5807}"
EndProject
Global
	GlobalSection(SolutionConfigurationPlatforms) = preSolution
		Debug|Any CPU = Debug|Any CPU
		Release|Any CPU = Release|Any CPU
	EndGlobalSection
	GlobalSection(ProjectConfigurationPlatforms) = postSolution
		{0FFB9822-435D-43C7-86E8-612CAA7858AF}.Debug|Any CPU.ActiveCfg = Debug|Any CPU
		{0FFB9822-435D-43C7-86E8-612CAA7858AF}.Debug|Any CPU.Build.0 = Debug|Any CPU
		{0FFB9822-435D-43C7-86E8-612CAA7858AF}.Release|Any CPU.ActiveCfg = Release|Any CPU
		{0FFB9822-435D-43C7-86E8-612CAA7858AF}.Release|Any CPU.Build.0 = Release|Any CPU
		{95CBEE06-B831-425B-A9F2-1C7823E1EC63}.Debug|Any CPU.ActiveCfg = Debug|Any CPU
		{95CBEE06-B831-425B-A9F2-1C7823E1EC63}.Debug|Any CPU.Build.0 = Debug|Any CPU
		{95CBEE06-B831-425B-A9F2-1C7823E1EC63}.Release|Any CPU.ActiveCfg = Release|Any CPU
		{95CBEE06-B831-425B-A9F2-1C7823E1EC63}.Release|Any CPU.Build.0 = Release|Any CPU
		{59C7BFF7-6BEF-41E0-92D5-E2A0B24F5807}.Debug|Any CPU.ActiveCfg = Debug|Any CPU
		{59C7BFF7-6BEF-41E0-92D5-E2A0B24F5807}.Debug|Any CPU.Build.0 = Debug|Any CPU
		{59C7BFF7-6BEF-41E0-92D5-E2A0B24F5807}.Release|Any CPU.ActiveCfg = Release|Any CPU
		{59C7BFF7-6BEF-41E0-92D5-E2A0B24F5807}.Release|Any CPU.Build.0 = Release|Any CPU
	EndGlobalSection
	GlobalSection(SolutionProperties) = preSolution
		HideSolutionNode = FALSE
	EndGlobalSection
	GlobalSection(ExtensibilityGlobals) = postSolution
		SolutionGuid = {A2615BD1-6598-4536-B572-7E4DBFCECD36}
	EndGlobalSection
EndGlobal
